{
  "lockfileVersion": 1,
  "workspaces": {
    "": {
      "name": "obsidian-orchard",
      "dependencies": {
        "ky": "^1.8.1",
        "obsidian": "^1.8.7",
      },
      "devDependencies": {
        "@biomejs/biome": "^2.0.0-beta.5",
        "@codemirror/state": "^6.5.2",
        "@codemirror/view": "^6.36.8",
        "@tsconfig/bun": "^1.0.7",
        "@types/bun": "^1.2.14",
        "builtin-modules": "^5.0.0",
        "svelte": "^5.33.1",
        "svelte-check": "^4.2.1",
        "typescript": "^5.8.3",
      },
    },
  },
  "packages": {
    "@ampproject/remapping": ["@ampproject/remapping@2.3.0", "", { "dependencies": { "@jridgewell/gen-mapping": "^0.3.5", "@jridgewell/trace-mapping": "^0.3.24" } }, "sha512-30iZtAPgz+LTIYoeivqYo853f02jBYSd5uGnGpkFV0M3xOt9aN73erkgYAmZU43x4VfqcnLxW9Kpg3R5LC4YYw=="],

    "@biomejs/biome": ["@biomejs/biome@2.0.0-beta.5", "", { "optionalDependencies": { "@biomejs/cli-darwin-arm64": "2.0.0-beta.5", "@biomejs/cli-darwin-x64": "2.0.0-beta.5", "@biomejs/cli-linux-arm64": "2.0.0-beta.5", "@biomejs/cli-linux-arm64-musl": "2.0.0-beta.5", "@biomejs/cli-linux-x64": "2.0.0-beta.5", "@biomejs/cli-linux-x64-musl": "2.0.0-beta.5", "@biomejs/cli-win32-arm64": "2.0.0-beta.5", "@biomejs/cli-win32-x64": "2.0.0-beta.5" }, "bin": { "biome": "bin/biome" } }, "sha512-1ldO4AepieVvg4aLi1ubZkA7NsefQT2UTNssbJbDiQTGem8kCHx/PZCwLxIR6UzFpGIjh0xsDzivyVvhnmqmuA=="],

    "@biomejs/cli-darwin-arm64": ["@biomejs/cli-darwin-arm64@2.0.0-beta.5", "", { "os": "darwin", "cpu": "arm64" }, "sha512-pnJiaoDpwGo+ctGkMu4POcO8jgOgCErBdYbhutr+K9rxxJS+TlHLr0LR91GCEWbGV2O1oyZRFQcW21rYFoak4w=="],

    "@biomejs/cli-darwin-x64": ["@biomejs/cli-darwin-x64@2.0.0-beta.5", "", { "os": "darwin", "cpu": "x64" }, "sha512-WwEZpqcmsNoFpZkUFNQcbZo52WK4hLGQ0vZk3PQ8JlZ55gJsHiyhtv6aem6fVlyVCvZgpsC0sYPLE3VvFVKNAQ=="],

    "@biomejs/cli-linux-arm64": ["@biomejs/cli-linux-arm64@2.0.0-beta.5", "", { "os": "linux", "cpu": "arm64" }, "sha512-lAF1de+Ki0vnq14NwDXouKkAR/iviyMNrUngSHjTGFC4z8XGVEfIw0ZMSm7fAdJZ5fAWodt9HiYmEAVs5EtHQg=="],

    "@biomejs/cli-linux-arm64-musl": ["@biomejs/cli-linux-arm64-musl@2.0.0-beta.5", "", { "os": "linux", "cpu": "arm64" }, "sha512-4vxNkYx1uEt211W8hLdXddc7icRHQgYENb72g6uTd/tLVPSBvIwqUAxAOkU+9Ai1E/8R4sWy7HIxREgpuFgbNA=="],

    "@biomejs/cli-linux-x64": ["@biomejs/cli-linux-x64@2.0.0-beta.5", "", { "os": "linux", "cpu": "x64" }, "sha512-I0Pt1VHeL1mN8G7ZwV2u9AfzBd5ZKfbvHUI4x2wETUZbwcQlAu/nEzEa2LUe5HqSmnctTR36ig7RkkM9qbmIrA=="],

    "@biomejs/cli-linux-x64-musl": ["@biomejs/cli-linux-x64-musl@2.0.0-beta.5", "", { "os": "linux", "cpu": "x64" }, "sha512-nUeKGO517GtRCxziVD9les1HiCs2s2/WIVITMN9+9RRuLOko8r+T77E8ZXEmlfLOfOIOeE6z62WITqei3oNccA=="],

    "@biomejs/cli-win32-arm64": ["@biomejs/cli-win32-arm64@2.0.0-beta.5", "", { "os": "win32", "cpu": "arm64" }, "sha512-YXW6hgbrgBcWQ1SLO69ypWlluPchgQV5C1lTG4xOcBUWdCsfYuQirM64S6Dov7SFPqsMIoFC6LlQRW+n8qAyiA=="],

    "@biomejs/cli-win32-x64": ["@biomejs/cli-win32-x64@2.0.0-beta.5", "", { "os": "win32", "cpu": "x64" }, "sha512-N7Yby52BJmvEdst1iMbclE5hxxefboaXKRJLm1tLfBYr4FeuoCe6j8HdiQSwhCRdIUGFFqBLaDXh//LLF6EReA=="],

    "@codemirror/state": ["@codemirror/state@6.5.2", "", { "dependencies": { "@marijn/find-cluster-break": "^1.0.0" } }, "sha512-FVqsPqtPWKVVL3dPSxy8wEF/ymIEuVzF1PK3VbUgrxXpJUSHQWWZz4JMToquRxnkw+36LTamCZG2iua2Ptq0fA=="],

    "@codemirror/view": ["@codemirror/view@6.36.8", "", { "dependencies": { "@codemirror/state": "^6.5.0", "style-mod": "^4.1.0", "w3c-keyname": "^2.2.4" } }, "sha512-yoRo4f+FdnD01fFt4XpfpMCcCAo9QvZOtbrXExn4SqzH32YC6LgzqxfLZw/r6Ge65xyY03mK/UfUqrVw1gFiFg=="],

    "@jridgewell/gen-mapping": ["@jridgewell/gen-mapping@0.3.8", "", { "dependencies": { "@jridgewell/set-array": "^1.2.1", "@jridgewell/sourcemap-codec": "^1.4.10", "@jridgewell/trace-mapping": "^0.3.24" } }, "sha512-imAbBGkb+ebQyxKgzv5Hu2nmROxoDOXHh80evxdoXNOrvAnVx7zimzc1Oo5h9RlfV4vPXaE2iM5pOFbvOCClWA=="],

    "@jridgewell/resolve-uri": ["@jridgewell/resolve-uri@3.1.2", "", {}, "sha512-bRISgCIjP20/tbWSPWMEi54QVPRZExkuD9lJL+UIxUKtwVJA8wW1Trb1jMs1RFXo1CBTNZ/5hpC9QvmKWdopKw=="],

    "@jridgewell/set-array": ["@jridgewell/set-array@1.2.1", "", {}, "sha512-R8gLRTZeyp03ymzP/6Lil/28tGeGEzhx1q2k703KGWRAI1VdvPIXdG70VJc2pAMw3NA6JKL5hhFu1sJX0Mnn/A=="],

    "@jridgewell/sourcemap-codec": ["@jridgewell/sourcemap-codec@1.5.0", "", {}, "sha512-gv3ZRaISU3fjPAgNsriBRqGWQL6quFx04YMPW/zD8XMLsU32mhCCbfbO6KZFLjvYpCZ8zyDEgqsgf+PwPaM7GQ=="],

    "@jridgewell/trace-mapping": ["@jridgewell/trace-mapping@0.3.25", "", { "dependencies": { "@jridgewell/resolve-uri": "^3.1.0", "@jridgewell/sourcemap-codec": "^1.4.14" } }, "sha512-vNk6aEwybGtawWmy/PzwnGDOjCkLWSD2wqvjGGAgOAwCGWySYXfYoxt00IJkTF+8Lb57DwOb3Aa0o9CApepiYQ=="],

    "@marijn/find-cluster-break": ["@marijn/find-cluster-break@1.0.2", "", {}, "sha512-l0h88YhZFyKdXIFNfSWpyjStDjGHwZ/U7iobcK1cQQD8sejsONdQtTVU+1wVN1PBw40PiiHB1vA5S7VTfQiP9g=="],

    "@sveltejs/acorn-typescript": ["@sveltejs/acorn-typescript@1.0.5", "", { "peerDependencies": { "acorn": "^8.9.0" } }, "sha512-IwQk4yfwLdibDlrXVE04jTZYlLnwsTT2PIOQQGNLWfjavGifnk1JD1LcZjZaBTRcxZu2FfPfNLOE04DSu9lqtQ=="],

    "@tsconfig/bun": ["@tsconfig/bun@1.0.7", "", {}, "sha512-udGrGJBNQdXGVulehc1aWT73wkR9wdaGBtB6yL70RJsqwW/yJhIg6ZbRlPOfIUiFNrnBuYLBi9CSmMKfDC7dvA=="],

    "@types/bun": ["@types/bun@1.2.14", "", { "dependencies": { "bun-types": "1.2.14" } }, "sha512-VsFZKs8oKHzI7zwvECiAJ5oSorWndIWEVhfbYqZd4HI/45kzW7PN2Rr5biAzvGvRuNmYLSANY+H59ubHq8xw7Q=="],

    "@types/codemirror": ["@types/codemirror@5.60.8", "", { "dependencies": { "@types/tern": "*" } }, "sha512-VjFgDF/eB+Aklcy15TtOTLQeMjTo07k7KAjql8OK5Dirr7a6sJY4T1uVBDuTVG9VEmn1uUsohOpYnVfgC6/jyw=="],

    "@types/estree": ["@types/estree@1.0.7", "", {}, "sha512-w28IoSUCJpidD/TGviZwwMJckNESJZXFu7NBZ5YJ4mEUnNraUn9Pm8HSZm/jDF1pDWYKspWE7oVphigUPRakIQ=="],

    "@types/node": ["@types/node@22.15.21", "", { "dependencies": { "undici-types": "~6.21.0" } }, "sha512-EV/37Td6c+MgKAbkcLG6vqZ2zEYHD7bvSrzqqs2RIhbA6w3x+Dqz8MZM3sP6kGTeLrdoOgKZe+Xja7tUB2DNkQ=="],

    "@types/tern": ["@types/tern@0.23.9", "", { "dependencies": { "@types/estree": "*" } }, "sha512-ypzHFE/wBzh+BlH6rrBgS5I/Z7RD21pGhZ2rltb/+ZrVM1awdZwjx7hE5XfuYgHWk9uvV5HLZN3SloevCAp3Bw=="],

    "acorn": ["acorn@8.14.1", "", { "bin": { "acorn": "bin/acorn" } }, "sha512-OvQ/2pUDKmgfCg++xsTX1wGxfTaszcHVcTctW4UJB4hibJx2HXxxO5UmVgyjMa+ZDsiaf5wWLXYpRWMmBI0QHg=="],

    "aria-query": ["aria-query@5.3.2", "", {}, "sha512-COROpnaoap1E2F000S62r6A60uHZnmlvomhfyT2DlTcrY1OrBKn2UhH7qn5wTC9zMvD0AY7csdPSNwKP+7WiQw=="],

    "axobject-query": ["axobject-query@4.1.0", "", {}, "sha512-qIj0G9wZbMGNLjLmg1PT6v2mE9AH2zlnADJD/2tC6E00hgmhUOfEB6greHPAfLRSufHqROIUTkw6E+M3lH0PTQ=="],

    "builtin-modules": ["builtin-modules@5.0.0", "", {}, "sha512-bkXY9WsVpY7CvMhKSR6pZilZu9Ln5WDrKVBUXf2S443etkmEO4V58heTecXcUIsNsi4Rx8JUO4NfX1IcQl4deg=="],

    "bun-types": ["bun-types@1.2.14", "", { "dependencies": { "@types/node": "*" } }, "sha512-Kuh4Ub28ucMRWeiUUWMHsT9Wcbr4H3kLIO72RZZElSDxSu7vpetRvxIUDUaW6QtaIeixIpm7OXtNnZPf82EzwA=="],

    "chokidar": ["chokidar@4.0.3", "", { "dependencies": { "readdirp": "^4.0.1" } }, "sha512-Qgzu8kfBvo+cA4962jnP1KkS6Dop5NS6g7R5LFYJr4b8Ub94PPQXUksCw9PvXoeXPRRddRNC5C1JQUR2SMGtnA=="],

    "clsx": ["clsx@2.1.1", "", {}, "sha512-eYm0QWBtUrBWZWG0d386OGAw16Z995PiOVo2B7bjWSbHedGl5e0ZWaq65kOGgUSNesEIDkB9ISbTg/JK9dhCZA=="],

    "esm-env": ["esm-env@1.2.2", "", {}, "sha512-Epxrv+Nr/CaL4ZcFGPJIYLWFom+YeV1DqMLHJoEd9SYRxNbaFruBwfEX/kkHUJf55j2+TUbmDcmuilbP1TmXHA=="],

    "esrap": ["esrap@1.4.6", "", { "dependencies": { "@jridgewell/sourcemap-codec": "^1.4.15" } }, "sha512-F/D2mADJ9SHY3IwksD4DAXjTt7qt7GWUf3/8RhCNWmC/67tyb55dpimHmy7EplakFaflV0R/PC+fdSPqrRHAQw=="],

    "fdir": ["fdir@6.4.4", "", { "peerDependencies": { "picomatch": "^3 || ^4" }, "optionalPeers": ["picomatch"] }, "sha512-1NZP+GK4GfuAv3PqKvxQRDMjdSRZjnkq7KfhlNrCNNlZ0ygQFpebfrnfnq/W7fpUnAv9aGWmY1zKx7FYL3gwhg=="],

    "is-reference": ["is-reference@3.0.3", "", { "dependencies": { "@types/estree": "^1.0.6" } }, "sha512-ixkJoqQvAP88E6wLydLGGqCJsrFUnqoH6HnaczB8XmDH1oaWU+xxdptvikTgaEhtZ53Ky6YXiBuUI2WXLMCwjw=="],

    "ky": ["ky@1.8.1", "", {}, "sha512-7Bp3TpsE+L+TARSnnDpk3xg8Idi8RwSLdj6CMbNWoOARIrGrbuLGusV0dYwbZOm4bB3jHNxSw8Wk/ByDqJEnDw=="],

    "locate-character": ["locate-character@3.0.0", "", {}, "sha512-SW13ws7BjaeJ6p7Q6CO2nchbYEc3X3J6WrmTTDto7yMPqVSZTUyY5Tjbid+Ab8gLnATtygYtiDIJGQRRn2ZOiA=="],

    "magic-string": ["magic-string@0.30.17", "", { "dependencies": { "@jridgewell/sourcemap-codec": "^1.5.0" } }, "sha512-sNPKHvyjVf7gyjwS4xGTaW/mCnF8wnjtifKBEhxfZ7E/S8tQ0rssrwGNn6q8JH/ohItJfSQp9mBtQYuTlH5QnA=="],

    "moment": ["moment@2.29.4", "", {}, "sha512-5LC9SOxjSc2HF6vO2CyuTDNivEdoz2IvyJJGj6X8DJ0eFyfszE0QiEd+iXmBvUP3WHxSjFH/vIsA0EN00cgr8w=="],

    "mri": ["mri@1.2.0", "", {}, "sha512-tzzskb3bG8LvYGFF/mDTpq3jpI6Q9wc3LEmBaghu+DdCssd1FakN7Bc0hVNmEyGq1bq3RgfkCb3cmQLpNPOroA=="],

    "obsidian": ["obsidian@1.8.7", "", { "dependencies": { "@types/codemirror": "5.60.8", "moment": "2.29.4" }, "peerDependencies": { "@codemirror/state": "^6.0.0", "@codemirror/view": "^6.0.0" } }, "sha512-h4bWwNFAGRXlMlMAzdEiIM2ppTGlrh7uGOJS6w4gClrsjc+ei/3YAtU2VdFUlCiPuTHpY4aBpFJJW75S1Tl/JA=="],

    "picocolors": ["picocolors@1.1.1", "", {}, "sha512-xceH2snhtb5M9liqDsmEw56le376mTZkEX/jEb/RxNFyegNul7eNslCXP9FDj/Lcu0X8KEyMceP2ntpaHrDEVA=="],

    "readdirp": ["readdirp@4.1.2", "", {}, "sha512-GDhwkLfywWL2s6vEjyhri+eXmfH6j1L7JE27WhqLeYzoh/A3DBaYGEj2H/HFZCn/kMfim73FXxEJTw06WtxQwg=="],

    "sade": ["sade@1.8.1", "", { "dependencies": { "mri": "^1.1.0" } }, "sha512-xal3CZX1Xlo/k4ApwCFrHVACi9fBqJ7V+mwhBsuf/1IOKbBy098Fex+Wa/5QMubw09pSZ/u8EY8PWgevJsXp1A=="],

    "style-mod": ["style-mod@4.1.2", "", {}, "sha512-wnD1HyVqpJUI2+eKZ+eo1UwghftP6yuFheBqqe+bWCotBjC2K1YnteJILRMs3SM4V/0dLEW1SC27MWP5y+mwmw=="],

    "svelte": ["svelte@5.33.1", "", { "dependencies": { "@ampproject/remapping": "^2.3.0", "@jridgewell/sourcemap-codec": "^1.5.0", "@sveltejs/acorn-typescript": "^1.0.5", "@types/estree": "^1.0.5", "acorn": "^8.12.1", "aria-query": "^5.3.1", "axobject-query": "^4.1.0", "clsx": "^2.1.1", "esm-env": "^1.2.1", "esrap": "^1.4.6", "is-reference": "^3.0.3", "locate-character": "^3.0.0", "magic-string": "^0.30.11", "zimmerframe": "^1.1.2" } }, "sha512-7znzaaQALL62NBzkdKV04tmYIVla8qjrW+k6GdgFZcKcj8XOb8iEjmfRPo40iaWZlKv3+uiuc0h4iaGgwoORtA=="],

    "svelte-check": ["svelte-check@4.2.1", "", { "dependencies": { "@jridgewell/trace-mapping": "^0.3.25", "chokidar": "^4.0.1", "fdir": "^6.2.0", "picocolors": "^1.0.0", "sade": "^1.7.4" }, "peerDependencies": { "svelte": "^4.0.0 || ^5.0.0-next.0", "typescript": ">=5.0.0" }, "bin": { "svelte-check": "bin/svelte-check" } }, "sha512-e49SU1RStvQhoipkQ/aonDhHnG3qxHSBtNfBRb9pxVXoa+N7qybAo32KgA9wEb2PCYFNaDg7bZCdhLD1vHpdYA=="],

    "typescript": ["typescript@5.8.3", "", { "bin": { "tsc": "bin/tsc", "tsserver": "bin/tsserver" } }, "sha512-p1diW6TqL9L07nNxvRMM7hMMw4c5XOo/1ibL4aAIGmSAt9slTE1Xgw5KWuof2uTOvCg9BY7ZRi+GaF+7sfgPeQ=="],

    "undici-types": ["undici-types@6.21.0", "", {}, "sha512-iwDZqg0QAGrg9Rav5H4n0M64c3mkR59cJ6wQp+7C4nI0gsmExaedaYLNO44eT4AtBBwjbTiGPMlt2Md0T9H9JQ=="],

    "w3c-keyname": ["w3c-keyname@2.2.8", "", {}, "sha512-dpojBhNsCNN7T82Tm7k26A6G9ML3NkhDsnw9n/eoxSRlVBB4CEtIQ/KTCLI2Fwf3ataSXRhYFkQi3SlnFwPvPQ=="],

    "zimmerframe": ["zimmerframe@1.1.2", "", {}, "sha512-rAbqEGa8ovJy4pyBxZM70hg4pE6gDgaQ0Sl9M3enG3I0d6H4XSAM3GeNGLKnsBpuijUow064sf7ww1nutC5/3w=="],
  }
}
