lockfileVersion: '9.0'

settings:
  autoInstallPeers: false
  excludeLinksFromLockfile: false

importers:

  .:
    dependencies:
      ky:
        specifier: ^1.7.5
        version: 1.7.5
    devDependencies:
      '@biomejs/biome':
        specifier: ^1.9.4
        version: 1.9.4
      '@codemirror/state':
        specifier: ^6.5.2
        version: 6.5.2
      '@codemirror/view':
        specifier: ^6.36.4
        version: 6.36.4
      '@rsbuild/core':
        specifier: ^1.2.19
        version: 1.2.19
      '@rsbuild/plugin-svelte':
        specifier: ^1.0.8
        version: 1.0.8(@rsbuild/core@1.2.19)(svelte@5.23.2)(typescript@5.8.2)
      '@tsconfig/node22':
        specifier: ^22.0.0
        version: 22.0.0
      builtin-modules:
        specifier: ^5.0.0
        version: 5.0.0
      obsidian:
        specifier: ^1.8.7
        version: 1.8.7(@codemirror/state@6.5.2)(@codemirror/view@6.36.4)
      svelte:
        specifier: ^5.23.2
        version: 5.23.2
      svelte-check:
        specifier: ^4.1.5
        version: 4.1.5(svelte@5.23.2)(typescript@5.8.2)
      tslib:
        specifier: ^2.8.1
        version: 2.8.1
      typescript:
        specifier: ^5.8.2
        version: 5.8.2

packages:

  '@ampproject/remapping@2.3.0':
    resolution: {integrity: sha512-30iZtAPgz+LTIYoeivqYo853f02jBYSd5uGnGpkFV0M3xOt9aN73erkgYAmZU43x4VfqcnLxW9Kpg3R5LC4YYw==}
    engines: {node: '>=6.0.0'}

  '@biomejs/biome@1.9.4':
    resolution: {integrity: sha512-1rkd7G70+o9KkTn5KLmDYXihGoTaIGO9PIIN2ZB7UJxFrWw04CZHPYiMRjYsaDvVV7hP1dYNRLxSANLaBFGpog==}
    engines: {node: '>=14.21.3'}
    hasBin: true

  '@biomejs/cli-darwin-arm64@1.9.4':
    resolution: {integrity: sha512-bFBsPWrNvkdKrNCYeAp+xo2HecOGPAy9WyNyB/jKnnedgzl4W4Hb9ZMzYNbf8dMCGmUdSavlYHiR01QaYR58cw==}
    engines: {node: '>=14.21.3'}
    cpu: [arm64]
    os: [darwin]

  '@biomejs/cli-darwin-x64@1.9.4':
    resolution: {integrity: sha512-ngYBh/+bEedqkSevPVhLP4QfVPCpb+4BBe2p7Xs32dBgs7rh9nY2AIYUL6BgLw1JVXV8GlpKmb/hNiuIxfPfZg==}
    engines: {node: '>=14.21.3'}
    cpu: [x64]
    os: [darwin]

  '@biomejs/cli-linux-arm64-musl@1.9.4':
    resolution: {integrity: sha512-v665Ct9WCRjGa8+kTr0CzApU0+XXtRgwmzIf1SeKSGAv+2scAlW6JR5PMFo6FzqqZ64Po79cKODKf3/AAmECqA==}
    engines: {node: '>=14.21.3'}
    cpu: [arm64]
    os: [linux]

  '@biomejs/cli-linux-arm64@1.9.4':
    resolution: {integrity: sha512-fJIW0+LYujdjUgJJuwesP4EjIBl/N/TcOX3IvIHJQNsAqvV2CHIogsmA94BPG6jZATS4Hi+xv4SkBBQSt1N4/g==}
    engines: {node: '>=14.21.3'}
    cpu: [arm64]
    os: [linux]

  '@biomejs/cli-linux-x64-musl@1.9.4':
    resolution: {integrity: sha512-gEhi/jSBhZ2m6wjV530Yy8+fNqG8PAinM3oV7CyO+6c3CEh16Eizm21uHVsyVBEB6RIM8JHIl6AGYCv6Q6Q9Tg==}
    engines: {node: '>=14.21.3'}
    cpu: [x64]
    os: [linux]

  '@biomejs/cli-linux-x64@1.9.4':
    resolution: {integrity: sha512-lRCJv/Vi3Vlwmbd6K+oQ0KhLHMAysN8lXoCI7XeHlxaajk06u7G+UsFSO01NAs5iYuWKmVZjmiOzJ0OJmGsMwg==}
    engines: {node: '>=14.21.3'}
    cpu: [x64]
    os: [linux]

  '@biomejs/cli-win32-arm64@1.9.4':
    resolution: {integrity: sha512-tlbhLk+WXZmgwoIKwHIHEBZUwxml7bRJgk0X2sPyNR3S93cdRq6XulAZRQJ17FYGGzWne0fgrXBKpl7l4M87Hg==}
    engines: {node: '>=14.21.3'}
    cpu: [arm64]
    os: [win32]

  '@biomejs/cli-win32-x64@1.9.4':
    resolution: {integrity: sha512-8Y5wMhVIPaWe6jw2H+KlEm4wP/f7EW3810ZLmDlrEEy5KvBsb9ECEfu/kMWD484ijfQ8+nIi0giMgu9g1UAuuA==}
    engines: {node: '>=14.21.3'}
    cpu: [x64]
    os: [win32]

  '@codemirror/state@6.5.2':
    resolution: {integrity: sha512-FVqsPqtPWKVVL3dPSxy8wEF/ymIEuVzF1PK3VbUgrxXpJUSHQWWZz4JMToquRxnkw+36LTamCZG2iua2Ptq0fA==}

  '@codemirror/view@6.36.4':
    resolution: {integrity: sha512-ZQ0V5ovw/miKEXTvjgzRyjnrk9TwriUB1k4R5p7uNnHR9Hus+D1SXHGdJshijEzPFjU25xea/7nhIeSqYFKdbA==}

  '@jridgewell/gen-mapping@0.3.8':
    resolution: {integrity: sha512-imAbBGkb+ebQyxKgzv5Hu2nmROxoDOXHh80evxdoXNOrvAnVx7zimzc1Oo5h9RlfV4vPXaE2iM5pOFbvOCClWA==}
    engines: {node: '>=6.0.0'}

  '@jridgewell/resolve-uri@3.1.2':
    resolution: {integrity: sha512-bRISgCIjP20/tbWSPWMEi54QVPRZExkuD9lJL+UIxUKtwVJA8wW1Trb1jMs1RFXo1CBTNZ/5hpC9QvmKWdopKw==}
    engines: {node: '>=6.0.0'}

  '@jridgewell/set-array@1.2.1':
    resolution: {integrity: sha512-R8gLRTZeyp03ymzP/6Lil/28tGeGEzhx1q2k703KGWRAI1VdvPIXdG70VJc2pAMw3NA6JKL5hhFu1sJX0Mnn/A==}
    engines: {node: '>=6.0.0'}

  '@jridgewell/sourcemap-codec@1.5.0':
    resolution: {integrity: sha512-gv3ZRaISU3fjPAgNsriBRqGWQL6quFx04YMPW/zD8XMLsU32mhCCbfbO6KZFLjvYpCZ8zyDEgqsgf+PwPaM7GQ==}

  '@jridgewell/trace-mapping@0.3.25':
    resolution: {integrity: sha512-vNk6aEwybGtawWmy/PzwnGDOjCkLWSD2wqvjGGAgOAwCGWySYXfYoxt00IJkTF+8Lb57DwOb3Aa0o9CApepiYQ==}

  '@marijn/find-cluster-break@1.0.2':
    resolution: {integrity: sha512-l0h88YhZFyKdXIFNfSWpyjStDjGHwZ/U7iobcK1cQQD8sejsONdQtTVU+1wVN1PBw40PiiHB1vA5S7VTfQiP9g==}

  '@module-federation/error-codes@0.8.4':
    resolution: {integrity: sha512-55LYmrDdKb4jt+qr8qE8U3al62ZANp3FhfVaNPOaAmdTh0jHdD8M3yf5HKFlr5xVkVO4eV/F/J2NCfpbh+pEXQ==}

  '@module-federation/runtime-tools@0.8.4':
    resolution: {integrity: sha512-fjVOsItJ1u5YY6E9FnS56UDwZgqEQUrWFnouRiPtK123LUuqUI9FH4redZoKWlE1PB0ir1Z3tnqy8eFYzPO38Q==}

  '@module-federation/runtime@0.8.4':
    resolution: {integrity: sha512-yZeZ7z2Rx4gv/0E97oLTF3V6N25vglmwXGgoeju/W2YjsFvWzVtCDI7zRRb0mJhU6+jmSM8jP1DeQGbea/AiZQ==}

  '@module-federation/sdk@0.8.4':
    resolution: {integrity: sha512-waABomIjg/5m1rPDBWYG4KUhS5r7OUUY7S+avpaVIY/tkPWB3ibRDKy2dNLLAMaLKq0u+B1qIdEp4NIWkqhqpg==}

  '@module-federation/webpack-bundler-runtime@0.8.4':
    resolution: {integrity: sha512-HggROJhvHPUX7uqBD/XlajGygMNM1DG0+4OAkk8MBQe4a18QzrRNzZt6XQbRTSG4OaEoyRWhQHvYD3Yps405tQ==}

  '@rsbuild/core@1.2.19':
    resolution: {integrity: sha512-k76is4HygmbYYMLG2V1d1yQeurHHC+ZEtGs/nwE11y6HmwSndoFhmjOeQbQ2Ul0b2B8HErksqSMtlCxd37YPPQ==}
    engines: {node: '>=16.7.0'}
    hasBin: true

  '@rsbuild/plugin-svelte@1.0.8':
    resolution: {integrity: sha512-tEp1GpcOTyve7xc5hJSs4Vki2T/oXqgoAhuETKjz1ckj+GRtz7m5Wo3OTCHQsu8AfObCFIp+DFdfQTtd06iGTQ==}
    peerDependencies:
      '@rsbuild/core': 1.x

  '@rspack/binding-darwin-arm64@1.2.8':
    resolution: {integrity: sha512-bDlrlroY3iMlzna/3i1gD6eRmhJW2zRyC3Ov6aR1micshVQ9RteigYZWkjZuQfyC5Z8dCcLUQJVojz+pqp0JXg==}
    cpu: [arm64]
    os: [darwin]

  '@rspack/binding-darwin-x64@1.2.8':
    resolution: {integrity: sha512-0/qOVbMuzZ+WbtDa4TbH46R4vph/W6MHcXbrXDO+vpdTMFDVJ64DnZXT7aqvGcY+7vTCIGm0GT+6ooR4KaIX8A==}
    cpu: [x64]
    os: [darwin]

  '@rspack/binding-linux-arm64-gnu@1.2.8':
    resolution: {integrity: sha512-En/SMl45s19iUVb1/ZDFQvFDxIjnlfk7yqV3drMWWAL5HSgksNejaTIFTO52aoohIBbmwuk5wSGcbU0G0IFiPg==}
    cpu: [arm64]
    os: [linux]

  '@rspack/binding-linux-arm64-musl@1.2.8':
    resolution: {integrity: sha512-N1oZsXfJ9VLLcK7p1PS65cxLYQCZ7iqHW2OP6Ew2+hlz/d1hzngxgzrtZMCXFOHXDvTzVu5ff6jGS2v7+zv2tA==}
    cpu: [arm64]
    os: [linux]

  '@rspack/binding-linux-x64-gnu@1.2.8':
    resolution: {integrity: sha512-BdPaepoLKuaVwip4QK/nGqNi1xpbCWSxiycPbKRrGqKgt/QGihxxFgiqr4EpWQVIJNIMy4nCsg4arO0+H1KWGQ==}
    cpu: [x64]
    os: [linux]

  '@rspack/binding-linux-x64-musl@1.2.8':
    resolution: {integrity: sha512-GFv0Bod268OcXIcjeLoPlK0oz8rClEIxIRFkz+ejhbvfCwRJ+Fd+EKaaKQTBfZQujPqc0h2GctIF25nN5pFTmA==}
    cpu: [x64]
    os: [linux]

  '@rspack/binding-win32-arm64-msvc@1.2.8':
    resolution: {integrity: sha512-aEU+uJdbvJJGrzzAsjbjrPeNbG/bcG8JoXK2kSsUB+/sWHTIkHX0AQ3oX3aV/lcLKgZWrUxLAfLoCXEnIHMEyQ==}
    cpu: [arm64]
    os: [win32]

  '@rspack/binding-win32-ia32-msvc@1.2.8':
    resolution: {integrity: sha512-GHYzNOSoiLyG9elLTmMqADJMQzjll+co4irp5AgZ+KHG9EVq0qEHxDqDIJxZnUA15U8JDvCgo6YAo3T0BFEL0Q==}
    cpu: [ia32]
    os: [win32]

  '@rspack/binding-win32-x64-msvc@1.2.8':
    resolution: {integrity: sha512-EigKLhKLH1kfv1e/ZgXuSKlIjkbyneJtiLbNDz7EeEVFGV1XMM6bsCea1sb2WOxsPYiOX4Q5JmR1j1KGrZS/LA==}
    cpu: [x64]
    os: [win32]

  '@rspack/binding@1.2.8':
    resolution: {integrity: sha512-T3FMB3N9P1AbSAryfkSRJkPtmeSYs/Gj9zUZoPz1ckPEIcWZmpUOQbJylldjbw5waxtCL1haHNbi0pcSvxiaJw==}

  '@rspack/core@1.2.8':
    resolution: {integrity: sha512-ppj3uQQtkhgrYDLrUqb33YbpNEZCpAudpfVuOHGsvUrAnu1PijbfJJymoA5ZvUhM+HNMvPI5D1ie97TXyb0UVg==}
    engines: {node: '>=16.0.0'}
    peerDependencies:
      '@rspack/tracing': ^1.x
      '@swc/helpers': '>=0.5.1'
    peerDependenciesMeta:
      '@rspack/tracing':
        optional: true
      '@swc/helpers':
        optional: true

  '@rspack/lite-tapable@1.0.1':
    resolution: {integrity: sha512-VynGOEsVw2s8TAlLf/uESfrgfrq2+rcXB1muPJYBWbsm1Oa6r5qVQhjA5ggM6z/coYPrsVMgovl3Ff7Q7OCp1w==}
    engines: {node: '>=16.0.0'}

  '@sveltejs/acorn-typescript@1.0.5':
    resolution: {integrity: sha512-IwQk4yfwLdibDlrXVE04jTZYlLnwsTT2PIOQQGNLWfjavGifnk1JD1LcZjZaBTRcxZu2FfPfNLOE04DSu9lqtQ==}
    peerDependencies:
      acorn: ^8.9.0

  '@swc/helpers@0.5.15':
    resolution: {integrity: sha512-JQ5TuMi45Owi4/BIMAJBoSQoOJu12oOk/gADqlcUL9JEdHB8vyjUSsxqeNXnmXHjYKMi2WcYtezGEEhqUI/E2g==}

  '@tsconfig/node22@22.0.0':
    resolution: {integrity: sha512-twLQ77zevtxobBOD4ToAtVmuYrpeYUh3qh+TEp+08IWhpsrIflVHqQ1F1CiPxQGL7doCdBIOOCF+1Tm833faNg==}

  '@types/codemirror@5.60.8':
    resolution: {integrity: sha512-VjFgDF/eB+Aklcy15TtOTLQeMjTo07k7KAjql8OK5Dirr7a6sJY4T1uVBDuTVG9VEmn1uUsohOpYnVfgC6/jyw==}

  '@types/estree@1.0.6':
    resolution: {integrity: sha512-AYnb1nQyY49te+VRAVgmzfcgjYS91mY5P0TKUDCLEM+gNnA+3T6rWITXRLYCpahpqSQbN5cE+gHpnPyXjHWxcw==}

  '@types/tern@0.23.9':
    resolution: {integrity: sha512-ypzHFE/wBzh+BlH6rrBgS5I/Z7RD21pGhZ2rltb/+ZrVM1awdZwjx7hE5XfuYgHWk9uvV5HLZN3SloevCAp3Bw==}

  acorn@8.14.1:
    resolution: {integrity: sha512-OvQ/2pUDKmgfCg++xsTX1wGxfTaszcHVcTctW4UJB4hibJx2HXxxO5UmVgyjMa+ZDsiaf5wWLXYpRWMmBI0QHg==}
    engines: {node: '>=0.4.0'}
    hasBin: true

  aria-query@5.3.2:
    resolution: {integrity: sha512-COROpnaoap1E2F000S62r6A60uHZnmlvomhfyT2DlTcrY1OrBKn2UhH7qn5wTC9zMvD0AY7csdPSNwKP+7WiQw==}
    engines: {node: '>= 0.4'}

  axobject-query@4.1.0:
    resolution: {integrity: sha512-qIj0G9wZbMGNLjLmg1PT6v2mE9AH2zlnADJD/2tC6E00hgmhUOfEB6greHPAfLRSufHqROIUTkw6E+M3lH0PTQ==}
    engines: {node: '>= 0.4'}

  big.js@5.2.2:
    resolution: {integrity: sha512-vyL2OymJxmarO8gxMr0mhChsO9QGwhynfuu4+MHTAW6czfq9humCB7rKpUjDd9YUiDPU4mzpyupFSvOClAwbmQ==}

  builtin-modules@5.0.0:
    resolution: {integrity: sha512-bkXY9WsVpY7CvMhKSR6pZilZu9Ln5WDrKVBUXf2S443etkmEO4V58heTecXcUIsNsi4Rx8JUO4NfX1IcQl4deg==}
    engines: {node: '>=18.20'}

  caniuse-lite@1.0.30001706:
    resolution: {integrity: sha512-3ZczoTApMAZwPKYWmwVbQMFpXBDds3/0VciVoUwPUbldlYyVLmRVuRs/PcUZtHpbLRpzzDvrvnFuREsGt6lUug==}

  chokidar@4.0.3:
    resolution: {integrity: sha512-Qgzu8kfBvo+cA4962jnP1KkS6Dop5NS6g7R5LFYJr4b8Ub94PPQXUksCw9PvXoeXPRRddRNC5C1JQUR2SMGtnA==}
    engines: {node: '>= 14.16.0'}

  clsx@2.1.1:
    resolution: {integrity: sha512-eYm0QWBtUrBWZWG0d386OGAw16Z995PiOVo2B7bjWSbHedGl5e0ZWaq65kOGgUSNesEIDkB9ISbTg/JK9dhCZA==}
    engines: {node: '>=6'}

  core-js@3.41.0:
    resolution: {integrity: sha512-SJ4/EHwS36QMJd6h/Rg+GyR4A5xE0FSI3eZ+iBVpfqf1x0eTSg1smWLHrA+2jQThZSh97fmSgFSU8B61nxosxA==}

  emojis-list@3.0.0:
    resolution: {integrity: sha512-/kyM18EfinwXZbno9FyUGeFh87KC8HRQBQGildHZbEuRyWFOmv1U10o9BBp8XVZDVNNuQKyIGIu5ZYAAXJ0V2Q==}
    engines: {node: '>= 4'}

  esm-env@1.2.2:
    resolution: {integrity: sha512-Epxrv+Nr/CaL4ZcFGPJIYLWFom+YeV1DqMLHJoEd9SYRxNbaFruBwfEX/kkHUJf55j2+TUbmDcmuilbP1TmXHA==}

  esrap@1.4.5:
    resolution: {integrity: sha512-CjNMjkBWWZeHn+VX+gS8YvFwJ5+NDhg8aWZBSFJPR8qQduDNjbJodA2WcwCm7uQa5Rjqj+nZvVmceg1RbHFB9g==}

  fdir@6.4.3:
    resolution: {integrity: sha512-PMXmW2y1hDDfTSRc9gaXIuCCRpuoz3Kaz8cUelp3smouvfT632ozg2vrT6lJsHKKOF59YLbOGfAWGUcKEfRMQw==}
    peerDependencies:
      picomatch: ^3 || ^4
    peerDependenciesMeta:
      picomatch:
        optional: true

  is-reference@3.0.3:
    resolution: {integrity: sha512-ixkJoqQvAP88E6wLydLGGqCJsrFUnqoH6HnaczB8XmDH1oaWU+xxdptvikTgaEhtZ53Ky6YXiBuUI2WXLMCwjw==}

  isomorphic-rslog@0.0.6:
    resolution: {integrity: sha512-HM0q6XqQ93psDlqvuViNs/Ea3hAyGDkIdVAHlrEocjjAwGrs1fZ+EdQjS9eUPacnYB7Y8SoDdSY3H8p3ce205A==}
    engines: {node: '>=14.17.6'}

  jiti@2.4.2:
    resolution: {integrity: sha512-rg9zJN+G4n2nfJl5MW3BMygZX56zKPNVEYYqq7adpmMh4Jn2QNEwhvQlFy6jPVdcod7txZtKHWnyZiA3a0zP7A==}
    hasBin: true

  json5@2.2.3:
    resolution: {integrity: sha512-XmOWe7eyHYH14cLdVPoyg+GOH3rYX++KpzrylJwSW98t3Nk+U8XOl8FWKOgwtzdb8lXGf6zYwDUzeHMWfxasyg==}
    engines: {node: '>=6'}
    hasBin: true

  ky@1.7.5:
    resolution: {integrity: sha512-HzhziW6sc5m0pwi5M196+7cEBtbt0lCYi67wNsiwMUmz833wloE0gbzJPWKs1gliFKQb34huItDQX97LyOdPdA==}
    engines: {node: '>=18'}

  loader-utils@2.0.4:
    resolution: {integrity: sha512-xXqpXoINfFhgua9xiqD8fPFHgkoq1mmmpE92WlDbm9rNRd/EbRb+Gqf908T2DMfuHjjJlksiK2RbHVOdD/MqSw==}
    engines: {node: '>=8.9.0'}

  locate-character@3.0.0:
    resolution: {integrity: sha512-SW13ws7BjaeJ6p7Q6CO2nchbYEc3X3J6WrmTTDto7yMPqVSZTUyY5Tjbid+Ab8gLnATtygYtiDIJGQRRn2ZOiA==}

  magic-string@0.30.17:
    resolution: {integrity: sha512-sNPKHvyjVf7gyjwS4xGTaW/mCnF8wnjtifKBEhxfZ7E/S8tQ0rssrwGNn6q8JH/ohItJfSQp9mBtQYuTlH5QnA==}

  moment@2.29.4:
    resolution: {integrity: sha512-5LC9SOxjSc2HF6vO2CyuTDNivEdoz2IvyJJGj6X8DJ0eFyfszE0QiEd+iXmBvUP3WHxSjFH/vIsA0EN00cgr8w==}

  mri@1.2.0:
    resolution: {integrity: sha512-tzzskb3bG8LvYGFF/mDTpq3jpI6Q9wc3LEmBaghu+DdCssd1FakN7Bc0hVNmEyGq1bq3RgfkCb3cmQLpNPOroA==}
    engines: {node: '>=4'}

  obsidian@1.8.7:
    resolution: {integrity: sha512-h4bWwNFAGRXlMlMAzdEiIM2ppTGlrh7uGOJS6w4gClrsjc+ei/3YAtU2VdFUlCiPuTHpY4aBpFJJW75S1Tl/JA==}
    peerDependencies:
      '@codemirror/state': ^6.0.0
      '@codemirror/view': ^6.0.0

  picocolors@1.1.1:
    resolution: {integrity: sha512-xceH2snhtb5M9liqDsmEw56le376mTZkEX/jEb/RxNFyegNul7eNslCXP9FDj/Lcu0X8KEyMceP2ntpaHrDEVA==}

  readdirp@4.1.2:
    resolution: {integrity: sha512-GDhwkLfywWL2s6vEjyhri+eXmfH6j1L7JE27WhqLeYzoh/A3DBaYGEj2H/HFZCn/kMfim73FXxEJTw06WtxQwg==}
    engines: {node: '>= 14.18.0'}

  sade@1.8.1:
    resolution: {integrity: sha512-xal3CZX1Xlo/k4ApwCFrHVACi9fBqJ7V+mwhBsuf/1IOKbBy098Fex+Wa/5QMubw09pSZ/u8EY8PWgevJsXp1A==}
    engines: {node: '>=6'}

  style-mod@4.1.2:
    resolution: {integrity: sha512-wnD1HyVqpJUI2+eKZ+eo1UwghftP6yuFheBqqe+bWCotBjC2K1YnteJILRMs3SM4V/0dLEW1SC27MWP5y+mwmw==}

  svelte-check@4.1.5:
    resolution: {integrity: sha512-Gb0T2IqBNe1tLB9EB1Qh+LOe+JB8wt2/rNBDGvkxQVvk8vNeAoG+vZgFB/3P5+zC7RWlyBlzm9dVjZFph/maIg==}
    engines: {node: '>= 18.0.0'}
    hasBin: true
    peerDependencies:
      svelte: ^4.0.0 || ^5.0.0-next.0
      typescript: '>=5.0.0'

  svelte-dev-helper@1.1.9:
    resolution: {integrity: sha512-oU+Xv7Dl4kRU2kdFjsoPLfJfnt5hUhsFUZtuzI3Ku/f2iAFZqBoEuXOqK3N9ngD4dxQOmN4OKWPHVi3NeAeAfQ==}

  svelte-hmr@0.14.12:
    resolution: {integrity: sha512-4QSW/VvXuqVcFZ+RhxiR8/newmwOCTlbYIezvkeN6302YFRE8cXy0naamHcjz8Y9Ce3ITTZtrHrIL0AGfyo61w==}
    engines: {node: ^12.20 || ^14.13.1 || >= 16}
    peerDependencies:
      svelte: '>=3.19.0'

  svelte-loader@3.2.4:
    resolution: {integrity: sha512-e0HdDnkYH/MDx4/IfTSka5AOFg9yYJcPuoZJB5x0l60fkHjVjNvrrxr+rJegDG9J7ZymmdHt00/hdLw+QF299w==}
    peerDependencies:
      svelte: ^3.0.0 || ^4.0.0-next.0 || ^5.0.0-next.1

  svelte-preprocess@6.0.3:
    resolution: {integrity: sha512-PLG2k05qHdhmRG7zR/dyo5qKvakhm8IJ+hD2eFRQmMLHp7X3eJnjeupUtvuRpbNiF31RjVw45W+abDwHEmP5OA==}
    engines: {node: '>= 18.0.0'}
    peerDependencies:
      '@babel/core': ^7.10.2
      coffeescript: ^2.5.1
      less: ^3.11.3 || ^4.0.0
      postcss: ^7 || ^8
      postcss-load-config: '>=3'
      pug: ^3.0.0
      sass: ^1.26.8
      stylus: '>=0.55'
      sugarss: ^2.0.0 || ^3.0.0 || ^4.0.0
      svelte: ^4.0.0 || ^5.0.0-next.100 || ^5.0.0
      typescript: ^5.0.0
    peerDependenciesMeta:
      '@babel/core':
        optional: true
      coffeescript:
        optional: true
      less:
        optional: true
      postcss:
        optional: true
      postcss-load-config:
        optional: true
      pug:
        optional: true
      sass:
        optional: true
      stylus:
        optional: true
      sugarss:
        optional: true
      typescript:
        optional: true

  svelte@5.23.2:
    resolution: {integrity: sha512-PHP1o0aYJNMatiZ+0nq1W/Z1W1/l5Z94B9nhMIo7gsuTBbxC454g4O5SQMjQpZBUZi5ANYUrXJOE4gPzcN/VQw==}
    engines: {node: '>=18'}

  tslib@2.8.1:
    resolution: {integrity: sha512-oJFu94HQb+KVduSUQL7wnpmqnfmLsOA/nAh6b6EH0wCEoK0/mPeXU6c3wKDV83MkOuHPRHtSXKKU99IBazS/2w==}

  typescript@5.8.2:
    resolution: {integrity: sha512-aJn6wq13/afZp/jT9QZmwEjDqqvSGp1VT5GVg+f/t6/oVyrgXM6BY1h9BRh/O5p3PlUPAe+WuiEZOmb/49RqoQ==}
    engines: {node: '>=14.17'}
    hasBin: true

  w3c-keyname@2.2.8:
    resolution: {integrity: sha512-dpojBhNsCNN7T82Tm7k26A6G9ML3NkhDsnw9n/eoxSRlVBB4CEtIQ/KTCLI2Fwf3ataSXRhYFkQi3SlnFwPvPQ==}

  zimmerframe@1.1.2:
    resolution: {integrity: sha512-rAbqEGa8ovJy4pyBxZM70hg4pE6gDgaQ0Sl9M3enG3I0d6H4XSAM3GeNGLKnsBpuijUow064sf7ww1nutC5/3w==}

snapshots:

  '@ampproject/remapping@2.3.0':
    dependencies:
      '@jridgewell/gen-mapping': 0.3.8
      '@jridgewell/trace-mapping': 0.3.25

  '@biomejs/biome@1.9.4':
    optionalDependencies:
      '@biomejs/cli-darwin-arm64': 1.9.4
      '@biomejs/cli-darwin-x64': 1.9.4
      '@biomejs/cli-linux-arm64': 1.9.4
      '@biomejs/cli-linux-arm64-musl': 1.9.4
      '@biomejs/cli-linux-x64': 1.9.4
      '@biomejs/cli-linux-x64-musl': 1.9.4
      '@biomejs/cli-win32-arm64': 1.9.4
      '@biomejs/cli-win32-x64': 1.9.4

  '@biomejs/cli-darwin-arm64@1.9.4':
    optional: true

  '@biomejs/cli-darwin-x64@1.9.4':
    optional: true

  '@biomejs/cli-linux-arm64-musl@1.9.4':
    optional: true

  '@biomejs/cli-linux-arm64@1.9.4':
    optional: true

  '@biomejs/cli-linux-x64-musl@1.9.4':
    optional: true

  '@biomejs/cli-linux-x64@1.9.4':
    optional: true

  '@biomejs/cli-win32-arm64@1.9.4':
    optional: true

  '@biomejs/cli-win32-x64@1.9.4':
    optional: true

  '@codemirror/state@6.5.2':
    dependencies:
      '@marijn/find-cluster-break': 1.0.2

  '@codemirror/view@6.36.4':
    dependencies:
      '@codemirror/state': 6.5.2
      style-mod: 4.1.2
      w3c-keyname: 2.2.8

  '@jridgewell/gen-mapping@0.3.8':
    dependencies:
      '@jridgewell/set-array': 1.2.1
      '@jridgewell/sourcemap-codec': 1.5.0
      '@jridgewell/trace-mapping': 0.3.25

  '@jridgewell/resolve-uri@3.1.2': {}

  '@jridgewell/set-array@1.2.1': {}

  '@jridgewell/sourcemap-codec@1.5.0': {}

  '@jridgewell/trace-mapping@0.3.25':
    dependencies:
      '@jridgewell/resolve-uri': 3.1.2
      '@jridgewell/sourcemap-codec': 1.5.0

  '@marijn/find-cluster-break@1.0.2': {}

  '@module-federation/error-codes@0.8.4': {}

  '@module-federation/runtime-tools@0.8.4':
    dependencies:
      '@module-federation/runtime': 0.8.4
      '@module-federation/webpack-bundler-runtime': 0.8.4

  '@module-federation/runtime@0.8.4':
    dependencies:
      '@module-federation/error-codes': 0.8.4
      '@module-federation/sdk': 0.8.4

  '@module-federation/sdk@0.8.4':
    dependencies:
      isomorphic-rslog: 0.0.6

  '@module-federation/webpack-bundler-runtime@0.8.4':
    dependencies:
      '@module-federation/runtime': 0.8.4
      '@module-federation/sdk': 0.8.4

  '@rsbuild/core@1.2.19':
    dependencies:
      '@rspack/core': 1.2.8(@swc/helpers@0.5.15)
      '@rspack/lite-tapable': 1.0.1
      '@swc/helpers': 0.5.15
      core-js: 3.41.0
      jiti: 2.4.2
    transitivePeerDependencies:
      - '@rspack/tracing'

  '@rsbuild/plugin-svelte@1.0.8(@rsbuild/core@1.2.19)(svelte@5.23.2)(typescript@5.8.2)':
    dependencies:
      '@rsbuild/core': 1.2.19
      svelte-loader: 3.2.4(svelte@5.23.2)
      svelte-preprocess: 6.0.3(svelte@5.23.2)(typescript@5.8.2)
    transitivePeerDependencies:
      - '@babel/core'
      - coffeescript
      - less
      - postcss
      - postcss-load-config
      - pug
      - sass
      - stylus
      - sugarss
      - svelte
      - typescript

  '@rspack/binding-darwin-arm64@1.2.8':
    optional: true

  '@rspack/binding-darwin-x64@1.2.8':
    optional: true

  '@rspack/binding-linux-arm64-gnu@1.2.8':
    optional: true

  '@rspack/binding-linux-arm64-musl@1.2.8':
    optional: true

  '@rspack/binding-linux-x64-gnu@1.2.8':
    optional: true

  '@rspack/binding-linux-x64-musl@1.2.8':
    optional: true

  '@rspack/binding-win32-arm64-msvc@1.2.8':
    optional: true

  '@rspack/binding-win32-ia32-msvc@1.2.8':
    optional: true

  '@rspack/binding-win32-x64-msvc@1.2.8':
    optional: true

  '@rspack/binding@1.2.8':
    optionalDependencies:
      '@rspack/binding-darwin-arm64': 1.2.8
      '@rspack/binding-darwin-x64': 1.2.8
      '@rspack/binding-linux-arm64-gnu': 1.2.8
      '@rspack/binding-linux-arm64-musl': 1.2.8
      '@rspack/binding-linux-x64-gnu': 1.2.8
      '@rspack/binding-linux-x64-musl': 1.2.8
      '@rspack/binding-win32-arm64-msvc': 1.2.8
      '@rspack/binding-win32-ia32-msvc': 1.2.8
      '@rspack/binding-win32-x64-msvc': 1.2.8

  '@rspack/core@1.2.8(@swc/helpers@0.5.15)':
    dependencies:
      '@module-federation/runtime-tools': 0.8.4
      '@rspack/binding': 1.2.8
      '@rspack/lite-tapable': 1.0.1
      caniuse-lite: 1.0.30001706
    optionalDependencies:
      '@swc/helpers': 0.5.15

  '@rspack/lite-tapable@1.0.1': {}

  '@sveltejs/acorn-typescript@1.0.5(acorn@8.14.1)':
    dependencies:
      acorn: 8.14.1

  '@swc/helpers@0.5.15':
    dependencies:
      tslib: 2.8.1

  '@tsconfig/node22@22.0.0': {}

  '@types/codemirror@5.60.8':
    dependencies:
      '@types/tern': 0.23.9

  '@types/estree@1.0.6': {}

  '@types/tern@0.23.9':
    dependencies:
      '@types/estree': 1.0.6

  acorn@8.14.1: {}

  aria-query@5.3.2: {}

  axobject-query@4.1.0: {}

  big.js@5.2.2: {}

  builtin-modules@5.0.0: {}

  caniuse-lite@1.0.30001706: {}

  chokidar@4.0.3:
    dependencies:
      readdirp: 4.1.2

  clsx@2.1.1: {}

  core-js@3.41.0: {}

  emojis-list@3.0.0: {}

  esm-env@1.2.2: {}

  esrap@1.4.5:
    dependencies:
      '@jridgewell/sourcemap-codec': 1.5.0

  fdir@6.4.3: {}

  is-reference@3.0.3:
    dependencies:
      '@types/estree': 1.0.6

  isomorphic-rslog@0.0.6: {}

  jiti@2.4.2: {}

  json5@2.2.3: {}

  ky@1.7.5: {}

  loader-utils@2.0.4:
    dependencies:
      big.js: 5.2.2
      emojis-list: 3.0.0
      json5: 2.2.3

  locate-character@3.0.0: {}

  magic-string@0.30.17:
    dependencies:
      '@jridgewell/sourcemap-codec': 1.5.0

  moment@2.29.4: {}

  mri@1.2.0: {}

  obsidian@1.8.7(@codemirror/state@6.5.2)(@codemirror/view@6.36.4):
    dependencies:
      '@codemirror/state': 6.5.2
      '@codemirror/view': 6.36.4
      '@types/codemirror': 5.60.8
      moment: 2.29.4

  picocolors@1.1.1: {}

  readdirp@4.1.2: {}

  sade@1.8.1:
    dependencies:
      mri: 1.2.0

  style-mod@4.1.2: {}

  svelte-check@4.1.5(svelte@5.23.2)(typescript@5.8.2):
    dependencies:
      '@jridgewell/trace-mapping': 0.3.25
      chokidar: 4.0.3
      fdir: 6.4.3
      picocolors: 1.1.1
      sade: 1.8.1
      svelte: 5.23.2
      typescript: 5.8.2
    transitivePeerDependencies:
      - picomatch

  svelte-dev-helper@1.1.9: {}

  svelte-hmr@0.14.12(svelte@5.23.2):
    dependencies:
      svelte: 5.23.2

  svelte-loader@3.2.4(svelte@5.23.2):
    dependencies:
      loader-utils: 2.0.4
      svelte: 5.23.2
      svelte-dev-helper: 1.1.9
      svelte-hmr: 0.14.12(svelte@5.23.2)

  svelte-preprocess@6.0.3(svelte@5.23.2)(typescript@5.8.2):
    dependencies:
      svelte: 5.23.2
    optionalDependencies:
      typescript: 5.8.2

  svelte@5.23.2:
    dependencies:
      '@ampproject/remapping': 2.3.0
      '@jridgewell/sourcemap-codec': 1.5.0
      '@sveltejs/acorn-typescript': 1.0.5(acorn@8.14.1)
      '@types/estree': 1.0.6
      acorn: 8.14.1
      aria-query: 5.3.2
      axobject-query: 4.1.0
      clsx: 2.1.1
      esm-env: 1.2.2
      esrap: 1.4.5
      is-reference: 3.0.3
      locate-character: 3.0.0
      magic-string: 0.30.17
      zimmerframe: 1.1.2

  tslib@2.8.1: {}

  typescript@5.8.2: {}

  w3c-keyname@2.2.8: {}

  zimmerframe@1.1.2: {}
